// !$*UTF8*$!
{
	archiveVersion = 1;
	classes = {
	};
	objectVersion = 50;
	objects = {

/* Begin PBXBuildFile section */
		042DB33822228EDC0062F7A8 /* AppDelegate.swift in Sources */ = {isa = PBXBuildFile; fileRef = 042DB33722228EDC0062F7A8 /* AppDelegate.swift */; };
		042DB33D22228EDC0062F7A8 /* Main.storyboard in Resources */ = {isa = PBXBuildFile; fileRef = 042DB33B22228EDC0062F7A8 /* Main.storyboard */; };
		042DB33F22228EDE0062F7A8 /* Assets.xcassets in Resources */ = {isa = PBXBuildFile; fileRef = 042DB33E22228EDE0062F7A8 /* Assets.xcassets */; };
		042DB34222228EDE0062F7A8 /* LaunchScreen.storyboard in Resources */ = {isa = PBXBuildFile; fileRef = 042DB34022228EDE0062F7A8 /* LaunchScreen.storyboard */; };
		042DB34D22228EDE0062F7A8 /* TestAudioEffectTests.swift in Sources */ = {isa = PBXBuildFile; fileRef = 042DB34C22228EDE0062F7A8 /* TestAudioEffectTests.swift */; };
		042DB35B222293060062F7A8 /* AudioPreviewsViewController.swift in Sources */ = {isa = PBXBuildFile; fileRef = 042DB35A222293060062F7A8 /* AudioPreviewsViewController.swift */; };
		042DB35D22229A820062F7A8 /* AudioPreviewCell.swift in Sources */ = {isa = PBXBuildFile; fileRef = 042DB35C22229A820062F7A8 /* AudioPreviewCell.swift */; };
		042DB36022229B220062F7A8 /* AudioPreviewsFetcher.swift in Sources */ = {isa = PBXBuildFile; fileRef = 042DB35F22229B220062F7A8 /* AudioPreviewsFetcher.swift */; };
		042DB36222229B450062F7A8 /* AudioPreview.swift in Sources */ = {isa = PBXBuildFile; fileRef = 042DB36122229B450062F7A8 /* AudioPreview.swift */; };
		044D29C22222D2CE00EB6298 /* Operation.swift in Sources */ = {isa = PBXBuildFile; fileRef = 044D29C12222D2CE00EB6298 /* Operation.swift */; };
		044D29C42222F04200EB6298 /* 106_audiopreview.mp3 in Resources */ = {isa = PBXBuildFile; fileRef = 044D29C32222F04200EB6298 /* 106_audiopreview.mp3 */; };
		04EE32C82222FD69004AF339 /* AudioPreviewPlayer.swift in Sources */ = {isa = PBXBuildFile; fileRef = 04EE32C72222FD69004AF339 /* AudioPreviewPlayer.swift */; };
		04EE32CC22232C28004AF339 /* AudioEffectViewController.swift in Sources */ = {isa = PBXBuildFile; fileRef = 04EE32CB22232C28004AF339 /* AudioEffectViewController.swift */; };
		04EE32CF22232C92004AF339 /* TouchSquareView.swift in Sources */ = {isa = PBXBuildFile; fileRef = 04EE32CE22232C92004AF339 /* TouchSquareView.swift */; };
		04EE32D12223D67A004AF339 /* AudioPreviewView.swift in Sources */ = {isa = PBXBuildFile; fileRef = 04EE32D02223D67A004AF339 /* AudioPreviewView.swift */; };
		04EE32D32223D7A1004AF339 /* AudioPreviewView.xib in Resources */ = {isa = PBXBuildFile; fileRef = 04EE32D22223D7A1004AF339 /* AudioPreviewView.xib */; };
		04EE32D62223E2F0004AF339 /* AudioEffectModel.swift in Sources */ = {isa = PBXBuildFile; fileRef = 04EE32D52223E2F0004AF339 /* AudioEffectModel.swift */; };
		04EE32D92223F428004AF339 /* Point.swift in Sources */ = {isa = PBXBuildFile; fileRef = 04EE32D82223F428004AF339 /* Point.swift */; };
		04EE32DB2223F434004AF339 /* Range.swift in Sources */ = {isa = PBXBuildFile; fileRef = 04EE32DA2223F434004AF339 /* Range.swift */; };
		04EE32DD2223F43E004AF339 /* FlatRange.swift in Sources */ = {isa = PBXBuildFile; fileRef = 04EE32DC2223F43E004AF339 /* FlatRange.swift */; };
		04EE32E022240EB9004AF339 /* AudioPreviewsModel.swift in Sources */ = {isa = PBXBuildFile; fileRef = 04EE32DF22240EB9004AF339 /* AudioPreviewsModel.swift */; };
		04EE32E3222410E8004AF339 /* testFilesConfig.json in Resources */ = {isa = PBXBuildFile; fileRef = 044D29BA2222C5F900EB6298 /* testFilesConfig.json */; };
		35A98D3A88DC9FAF902B805E /* Pods_TestAudioEffect.framework in Frameworks */ = {isa = PBXBuildFile; fileRef = F0DF8A2DE7C60FDE6761026F /* Pods_TestAudioEffect.framework */; };
		80D5B484EDB9AA5EEC27EC60 /* Pods_TestAudioEffectTests.framework in Frameworks */ = {isa = PBXBuildFile; fileRef = 81746CBD5ED4BAE4C1C80981 /* Pods_TestAudioEffectTests.framework */; };
/* End PBXBuildFile section */

/* Begin PBXContainerItemProxy section */
		042DB34922228EDE0062F7A8 /* PBXContainerItemProxy */ = {
			isa = PBXContainerItemProxy;
			containerPortal = 042DB32C22228EDC0062F7A8 /* Project object */;
			proxyType = 1;
			remoteGlobalIDString = 042DB33322228EDC0062F7A8;
			remoteInfo = TestAudioEffect;
		};
/* End PBXContainerItemProxy section */

/* Begin PBXFileReference section */
		042DB33422228EDC0062F7A8 /* TestAudioEffect.app */ = {isa = PBXFileReference; explicitFileType = wrapper.application; includeInIndex = 0; path = TestAudioEffect.app; sourceTree = BUILT_PRODUCTS_DIR; };
		042DB33722228EDC0062F7A8 /* AppDelegate.swift */ = {isa = PBXFileReference; lastKnownFileType = sourcecode.swift; path = AppDelegate.swift; sourceTree = "<group>"; };
		042DB33C22228EDC0062F7A8 /* Base */ = {isa = PBXFileReference; lastKnownFileType = file.storyboard; name = Base; path = Base.lproj/Main.storyboard; sourceTree = "<group>"; };
		042DB33E22228EDE0062F7A8 /* Assets.xcassets */ = {isa = PBXFileReference; lastKnownFileType = folder.assetcatalog; path = Assets.xcassets; sourceTree = "<group>"; };
		042DB34122228EDE0062F7A8 /* Base */ = {isa = PBXFileReference; lastKnownFileType = file.storyboard; name = Base; path = Base.lproj/LaunchScreen.storyboard; sourceTree = "<group>"; };
		042DB34322228EDE0062F7A8 /* Info.plist */ = {isa = PBXFileReference; lastKnownFileType = text.plist.xml; path = Info.plist; sourceTree = "<group>"; };
		042DB34822228EDE0062F7A8 /* TestAudioEffectTests.xctest */ = {isa = PBXFileReference; explicitFileType = wrapper.cfbundle; includeInIndex = 0; path = TestAudioEffectTests.xctest; sourceTree = BUILT_PRODUCTS_DIR; };
		042DB34C22228EDE0062F7A8 /* TestAudioEffectTests.swift */ = {isa = PBXFileReference; lastKnownFileType = sourcecode.swift; path = TestAudioEffectTests.swift; sourceTree = "<group>"; };
		042DB34E22228EDE0062F7A8 /* Info.plist */ = {isa = PBXFileReference; lastKnownFileType = text.plist.xml; path = Info.plist; sourceTree = "<group>"; };
		042DB35A222293060062F7A8 /* AudioPreviewsViewController.swift */ = {isa = PBXFileReference; lastKnownFileType = sourcecode.swift; path = AudioPreviewsViewController.swift; sourceTree = "<group>"; };
		042DB35C22229A820062F7A8 /* AudioPreviewCell.swift */ = {isa = PBXFileReference; lastKnownFileType = sourcecode.swift; path = AudioPreviewCell.swift; sourceTree = "<group>"; };
		042DB35F22229B220062F7A8 /* AudioPreviewsFetcher.swift */ = {isa = PBXFileReference; lastKnownFileType = sourcecode.swift; path = AudioPreviewsFetcher.swift; sourceTree = "<group>"; };
		042DB36122229B450062F7A8 /* AudioPreview.swift */ = {isa = PBXFileReference; lastKnownFileType = sourcecode.swift; path = AudioPreview.swift; sourceTree = "<group>"; };
		044D29BA2222C5F900EB6298 /* testFilesConfig.json */ = {isa = PBXFileReference; fileEncoding = 4; lastKnownFileType = text.json; path = testFilesConfig.json; sourceTree = "<group>"; };
		044D29C12222D2CE00EB6298 /* Operation.swift */ = {isa = PBXFileReference; lastKnownFileType = sourcecode.swift; path = Operation.swift; sourceTree = "<group>"; };
		044D29C32222F04200EB6298 /* 106_audiopreview.mp3 */ = {isa = PBXFileReference; lastKnownFileType = audio.mp3; path = 106_audiopreview.mp3; sourceTree = "<group>"; };
		04EE32C72222FD69004AF339 /* AudioPreviewPlayer.swift */ = {isa = PBXFileReference; lastKnownFileType = sourcecode.swift; path = AudioPreviewPlayer.swift; sourceTree = "<group>"; };
		04EE32CB22232C28004AF339 /* AudioEffectViewController.swift */ = {isa = PBXFileReference; lastKnownFileType = sourcecode.swift; path = AudioEffectViewController.swift; sourceTree = "<group>"; };
		04EE32CE22232C92004AF339 /* TouchSquareView.swift */ = {isa = PBXFileReference; lastKnownFileType = sourcecode.swift; path = TouchSquareView.swift; sourceTree = "<group>"; };
		04EE32D02223D67A004AF339 /* AudioPreviewView.swift */ = {isa = PBXFileReference; lastKnownFileType = sourcecode.swift; path = AudioPreviewView.swift; sourceTree = "<group>"; };
		04EE32D22223D7A1004AF339 /* AudioPreviewView.xib */ = {isa = PBXFileReference; lastKnownFileType = file.xib; path = AudioPreviewView.xib; sourceTree = "<group>"; };
		04EE32D52223E2F0004AF339 /* AudioEffectModel.swift */ = {isa = PBXFileReference; lastKnownFileType = sourcecode.swift; path = AudioEffectModel.swift; sourceTree = "<group>"; };
		04EE32D82223F428004AF339 /* Point.swift */ = {isa = PBXFileReference; lastKnownFileType = sourcecode.swift; path = Point.swift; sourceTree = "<group>"; };
		04EE32DA2223F434004AF339 /* Range.swift */ = {isa = PBXFileReference; lastKnownFileType = sourcecode.swift; path = Range.swift; sourceTree = "<group>"; };
		04EE32DC2223F43E004AF339 /* FlatRange.swift */ = {isa = PBXFileReference; lastKnownFileType = sourcecode.swift; path = FlatRange.swift; sourceTree = "<group>"; };
		04EE32DF22240EB9004AF339 /* AudioPreviewsModel.swift */ = {isa = PBXFileReference; lastKnownFileType = sourcecode.swift; path = AudioPreviewsModel.swift; sourceTree = "<group>"; };
		41944A5BA0DEC59F1FE53C6D /* Pods-TestAudioEffectTests.debug.xcconfig */ = {isa = PBXFileReference; includeInIndex = 1; lastKnownFileType = text.xcconfig; name = "Pods-TestAudioEffectTests.debug.xcconfig"; path = "Target Support Files/Pods-TestAudioEffectTests/Pods-TestAudioEffectTests.debug.xcconfig"; sourceTree = "<group>"; };
		4D2A2CB271CAD48F2186AB50 /* Pods-TestAudioEffectTests.release.xcconfig */ = {isa = PBXFileReference; includeInIndex = 1; lastKnownFileType = text.xcconfig; name = "Pods-TestAudioEffectTests.release.xcconfig"; path = "Target Support Files/Pods-TestAudioEffectTests/Pods-TestAudioEffectTests.release.xcconfig"; sourceTree = "<group>"; };
		81746CBD5ED4BAE4C1C80981 /* Pods_TestAudioEffectTests.framework */ = {isa = PBXFileReference; explicitFileType = wrapper.framework; includeInIndex = 0; path = Pods_TestAudioEffectTests.framework; sourceTree = BUILT_PRODUCTS_DIR; };
		CE536D814445DDF8DAA08F0C /* Pods-TestAudioEffect.release.xcconfig */ = {isa = PBXFileReference; includeInIndex = 1; lastKnownFileType = text.xcconfig; name = "Pods-TestAudioEffect.release.xcconfig"; path = "Target Support Files/Pods-TestAudioEffect/Pods-TestAudioEffect.release.xcconfig"; sourceTree = "<group>"; };
		DF0996DD0613250E0EE1CBC2 /* Pods-TestAudioEffect.debug.xcconfig */ = {isa = PBXFileReference; includeInIndex = 1; lastKnownFileType = text.xcconfig; name = "Pods-TestAudioEffect.debug.xcconfig"; path = "Target Support Files/Pods-TestAudioEffect/Pods-TestAudioEffect.debug.xcconfig"; sourceTree = "<group>"; };
		F0DF8A2DE7C60FDE6761026F /* Pods_TestAudioEffect.framework */ = {isa = PBXFileReference; explicitFileType = wrapper.framework; includeInIndex = 0; path = Pods_TestAudioEffect.framework; sourceTree = BUILT_PRODUCTS_DIR; };
/* End PBXFileReference section */

/* Begin PBXFrameworksBuildPhase section */
		042DB33122228EDC0062F7A8 /* Frameworks */ = {
			isa = PBXFrameworksBuildPhase;
			buildActionMask = 2147483647;
			files = (
				35A98D3A88DC9FAF902B805E /* Pods_TestAudioEffect.framework in Frameworks */,
			);
			runOnlyForDeploymentPostprocessing = 0;
		};
		042DB34522228EDE0062F7A8 /* Frameworks */ = {
			isa = PBXFrameworksBuildPhase;
			buildActionMask = 2147483647;
			files = (
				80D5B484EDB9AA5EEC27EC60 /* Pods_TestAudioEffectTests.framework in Frameworks */,
			);
			runOnlyForDeploymentPostprocessing = 0;
		};
/* End PBXFrameworksBuildPhase section */

/* Begin PBXGroup section */
		042DB32B22228EDC0062F7A8 = {
			isa = PBXGroup;
			children = (
				042DB33622228EDC0062F7A8 /* TestAudioEffect */,
				042DB34B22228EDE0062F7A8 /* TestAudioEffectTests */,
				042DB33522228EDC0062F7A8 /* Products */,
				11C24883ADD9D24EDC285283 /* Pods */,
				B51F7C85D44C5F18BE5BCAA6 /* Frameworks */,
			);
			sourceTree = "<group>";
		};
		042DB33522228EDC0062F7A8 /* Products */ = {
			isa = PBXGroup;
			children = (
				042DB33422228EDC0062F7A8 /* TestAudioEffect.app */,
				042DB34822228EDE0062F7A8 /* TestAudioEffectTests.xctest */,
			);
			name = Products;
			sourceTree = "<group>";
		};
		042DB33622228EDC0062F7A8 /* TestAudioEffect */ = {
			isa = PBXGroup;
			children = (
				044D29C02222D2B500EB6298 /* Components */,
				042DB357222292880062F7A8 /* Screens */,
				04EE32E122241056004AF339 /* App */,
				04EE32E222241086004AF339 /* TestFiles */,
			);
			path = TestAudioEffect;
			sourceTree = "<group>";
		};
		042DB34B22228EDE0062F7A8 /* TestAudioEffectTests */ = {
			isa = PBXGroup;
			children = (
				042DB34C22228EDE0062F7A8 /* TestAudioEffectTests.swift */,
				042DB34E22228EDE0062F7A8 /* Info.plist */,
			);
			path = TestAudioEffectTests;
			sourceTree = "<group>";
		};
		042DB357222292880062F7A8 /* Screens */ = {
			isa = PBXGroup;
			children = (
				042DB358222292940062F7A8 /* AudioPreviews */,
				042DB359222292AB0062F7A8 /* AudioEffect */,
			);
			path = Screens;
			sourceTree = "<group>";
		};
		042DB358222292940062F7A8 /* AudioPreviews */ = {
			isa = PBXGroup;
			children = (
				044D29BC2222CE7C00EB6298 /* View */,
				042DB35E22229B120062F7A8 /* Model */,
				042DB35A222293060062F7A8 /* AudioPreviewsViewController.swift */,
			);
			path = AudioPreviews;
			sourceTree = "<group>";
		};
		042DB359222292AB0062F7A8 /* AudioEffect */ = {
			isa = PBXGroup;
			children = (
				04EE32D42223E2DF004AF339 /* Model */,
				04EE32CD22232C3D004AF339 /* View */,
				04EE32CB22232C28004AF339 /* AudioEffectViewController.swift */,
			);
			path = AudioEffect;
			sourceTree = "<group>";
		};
		042DB35E22229B120062F7A8 /* Model */ = {
			isa = PBXGroup;
			children = (
				04EE32DF22240EB9004AF339 /* AudioPreviewsModel.swift */,
			);
			path = Model;
			sourceTree = "<group>";
		};
		044D29BC2222CE7C00EB6298 /* View */ = {
			isa = PBXGroup;
			children = (
				042DB35C22229A820062F7A8 /* AudioPreviewCell.swift */,
			);
			path = View;
			sourceTree = "<group>";
		};
		044D29BF2222CF0B00EB6298 /* Operation */ = {
			isa = PBXGroup;
			children = (
				044D29C12222D2CE00EB6298 /* Operation.swift */,
			);
			path = Operation;
			sourceTree = "<group>";
		};
		044D29C02222D2B500EB6298 /* Components */ = {
			isa = PBXGroup;
			children = (
				04EE32E522241621004AF339 /* CustomViews */,
				04EE32DE22240217004AF339 /* AudioPreview */,
				04EE32D72223F3F3004AF339 /* Structs */,
				044D29BF2222CF0B00EB6298 /* Operation */,
			);
			path = Components;
			sourceTree = "<group>";
		};
		04EE32CD22232C3D004AF339 /* View */ = {
			isa = PBXGroup;
			children = (
				04EE32CE22232C92004AF339 /* TouchSquareView.swift */,
			);
			path = View;
			sourceTree = "<group>";
		};
		04EE32D42223E2DF004AF339 /* Model */ = {
			isa = PBXGroup;
			children = (
				04EE32D52223E2F0004AF339 /* AudioEffectModel.swift */,
			);
			path = Model;
			sourceTree = "<group>";
		};
		04EE32D72223F3F3004AF339 /* Structs */ = {
			isa = PBXGroup;
			children = (
				04EE32D82223F428004AF339 /* Point.swift */,
				04EE32DA2223F434004AF339 /* Range.swift */,
				04EE32DC2223F43E004AF339 /* FlatRange.swift */,
			);
			path = Structs;
			sourceTree = "<group>";
		};
		04EE32DE22240217004AF339 /* AudioPreview */ = {
			isa = PBXGroup;
			children = (
				04EE32C72222FD69004AF339 /* AudioPreviewPlayer.swift */,
				042DB36122229B450062F7A8 /* AudioPreview.swift */,
				042DB35F22229B220062F7A8 /* AudioPreviewsFetcher.swift */,
			);
			path = AudioPreview;
			sourceTree = "<group>";
		};
		04EE32E122241056004AF339 /* App */ = {
			isa = PBXGroup;
			children = (
				042DB33722228EDC0062F7A8 /* AppDelegate.swift */,
				042DB33B22228EDC0062F7A8 /* Main.storyboard */,
				042DB33E22228EDE0062F7A8 /* Assets.xcassets */,
				042DB34022228EDE0062F7A8 /* LaunchScreen.storyboard */,
				042DB34322228EDE0062F7A8 /* Info.plist */,
			);
			path = App;
			sourceTree = "<group>";
		};
		04EE32E222241086004AF339 /* TestFiles */ = {
			isa = PBXGroup;
			children = (
				044D29BA2222C5F900EB6298 /* testFilesConfig.json */,
				044D29C32222F04200EB6298 /* 106_audiopreview.mp3 */,
			);
			path = TestFiles;
			sourceTree = "<group>";
		};
		04EE32E522241621004AF339 /* CustomViews */ = {
			isa = PBXGroup;
			children = (
				04EE32D02223D67A004AF339 /* AudioPreviewView.swift */,
				04EE32D22223D7A1004AF339 /* AudioPreviewView.xib */,
			);
			path = CustomViews;
			sourceTree = "<group>";
		};
		11C24883ADD9D24EDC285283 /* Pods */ = {
			isa = PBXGroup;
			children = (
				DF0996DD0613250E0EE1CBC2 /* Pods-TestAudioEffect.debug.xcconfig */,
				CE536D814445DDF8DAA08F0C /* Pods-TestAudioEffect.release.xcconfig */,
				41944A5BA0DEC59F1FE53C6D /* Pods-TestAudioEffectTests.debug.xcconfig */,
				4D2A2CB271CAD48F2186AB50 /* Pods-TestAudioEffectTests.release.xcconfig */,
			);
			path = Pods;
			sourceTree = "<group>";
		};
		B51F7C85D44C5F18BE5BCAA6 /* Frameworks */ = {
			isa = PBXGroup;
			children = (
				F0DF8A2DE7C60FDE6761026F /* Pods_TestAudioEffect.framework */,
				81746CBD5ED4BAE4C1C80981 /* Pods_TestAudioEffectTests.framework */,
			);
			name = Frameworks;
			sourceTree = "<group>";
		};
/* End PBXGroup section */

/* Begin PBXNativeTarget section */
		042DB33322228EDC0062F7A8 /* TestAudioEffect */ = {
			isa = PBXNativeTarget;
			buildConfigurationList = 042DB35122228EDE0062F7A8 /* Build configuration list for PBXNativeTarget "TestAudioEffect" */;
			buildPhases = (
				341C9C1288A30C7B1DC11580 /* [CP] Check Pods Manifest.lock */,
				042DB33022228EDC0062F7A8 /* Sources */,
				042DB33122228EDC0062F7A8 /* Frameworks */,
				042DB33222228EDC0062F7A8 /* Resources */,
				D76EB224FFF2461E76550C21 /* [CP] Embed Pods Frameworks */,
			);
			buildRules = (
			);
			dependencies = (
			);
			name = TestAudioEffect;
			productName = TestAudioEffect;
			productReference = 042DB33422228EDC0062F7A8 /* TestAudioEffect.app */;
			productType = "com.apple.product-type.application";
		};
		042DB34722228EDE0062F7A8 /* TestAudioEffectTests */ = {
			isa = PBXNativeTarget;
			buildConfigurationList = 042DB35422228EDE0062F7A8 /* Build configuration list for PBXNativeTarget "TestAudioEffectTests" */;
			buildPhases = (
				74D53DCD1A3A0A80E62D87DC /* [CP] Check Pods Manifest.lock */,
				042DB34422228EDE0062F7A8 /* Sources */,
				042DB34522228EDE0062F7A8 /* Frameworks */,
				042DB34622228EDE0062F7A8 /* Resources */,
			);
			buildRules = (
			);
			dependencies = (
				042DB34A22228EDE0062F7A8 /* PBXTargetDependency */,
			);
			name = TestAudioEffectTests;
			productName = TestAudioEffectTests;
			productReference = 042DB34822228EDE0062F7A8 /* TestAudioEffectTests.xctest */;
			productType = "com.apple.product-type.bundle.unit-test";
		};
/* End PBXNativeTarget section */

/* Begin PBXProject section */
		042DB32C22228EDC0062F7A8 /* Project object */ = {
			isa = PBXProject;
			attributes = {
				LastSwiftUpdateCheck = 1010;
				LastUpgradeCheck = 1010;
				ORGANIZATIONNAME = idpuzzle1;
				TargetAttributes = {
					042DB33322228EDC0062F7A8 = {
						CreatedOnToolsVersion = 10.1;
					};
					042DB34722228EDE0062F7A8 = {
						CreatedOnToolsVersion = 10.1;
						TestTargetID = 042DB33322228EDC0062F7A8;
					};
				};
			};
			buildConfigurationList = 042DB32F22228EDC0062F7A8 /* Build configuration list for PBXProject "TestAudioEffect" */;
			compatibilityVersion = "Xcode 9.3";
			developmentRegion = en;
			hasScannedForEncodings = 0;
			knownRegions = (
				en,
				Base,
			);
			mainGroup = 042DB32B22228EDC0062F7A8;
			productRefGroup = 042DB33522228EDC0062F7A8 /* Products */;
			projectDirPath = "";
			projectRoot = "";
			targets = (
				042DB33322228EDC0062F7A8 /* TestAudioEffect */,
				042DB34722228EDE0062F7A8 /* TestAudioEffectTests */,
			);
		};
/* End PBXProject section */

/* Begin PBXResourcesBuildPhase section */
		042DB33222228EDC0062F7A8 /* Resources */ = {
			isa = PBXResourcesBuildPhase;
			buildActionMask = 2147483647;
			files = (
				04EE32D32223D7A1004AF339 /* AudioPreviewView.xib in Resources */,
				044D29C42222F04200EB6298 /* 106_audiopreview.mp3 in Resources */,
				042DB34222228EDE0062F7A8 /* LaunchScreen.storyboard in Resources */,
				042DB33F22228EDE0062F7A8 /* Assets.xcassets in Resources */,
				042DB33D22228EDC0062F7A8 /* Main.storyboard in Resources */,
				04EE32E3222410E8004AF339 /* testFilesConfig.json in Resources */,
			);
			runOnlyForDeploymentPostprocessing = 0;
		};
		042DB34622228EDE0062F7A8 /* Resources */ = {
			isa = PBXResourcesBuildPhase;
			buildActionMask = 2147483647;
			files = (
			);
			runOnlyForDeploymentPostprocessing = 0;
		};
/* End PBXResourcesBuildPhase section */

/* Begin PBXShellScriptBuildPhase section */
		341C9C1288A30C7B1DC11580 /* [CP] Check Pods Manifest.lock */ = {
			isa = PBXShellScriptBuildPhase;
			buildActionMask = 2147483647;
			files = (
			);
			inputFileListPaths = (
			);
			inputPaths = (
				"${PODS_PODFILE_DIR_PATH}/Podfile.lock",
				"${PODS_ROOT}/Manifest.lock",
			);
			name = "[CP] Check Pods Manifest.lock";
			outputFileListPaths = (
			);
			outputPaths = (
				"$(DERIVED_FILE_DIR)/Pods-TestAudioEffect-checkManifestLockResult.txt",
			);
			runOnlyForDeploymentPostprocessing = 0;
			shellPath = /bin/sh;
			shellScript = "diff \"${PODS_PODFILE_DIR_PATH}/Podfile.lock\" \"${PODS_ROOT}/Manifest.lock\" > /dev/null\nif [ $? != 0 ] ; then\n    # print error to STDERR\n    echo \"error: The sandbox is not in sync with the Podfile.lock. Run 'pod install' or update your CocoaPods installation.\" >&2\n    exit 1\nfi\n# This output is used by Xcode 'outputs' to avoid re-running this script phase.\necho \"SUCCESS\" > \"${SCRIPT_OUTPUT_FILE_0}\"\n";
			showEnvVarsInLog = 0;
		};
		74D53DCD1A3A0A80E62D87DC /* [CP] Check Pods Manifest.lock */ = {
			isa = PBXShellScriptBuildPhase;
			buildActionMask = 2147483647;
			files = (
			);
			inputFileListPaths = (
			);
			inputPaths = (
				"${PODS_PODFILE_DIR_PATH}/Podfile.lock",
				"${PODS_ROOT}/Manifest.lock",
			);
			name = "[CP] Check Pods Manifest.lock";
			outputFileListPaths = (
			);
			outputPaths = (
				"$(DERIVED_FILE_DIR)/Pods-TestAudioEffectTests-checkManifestLockResult.txt",
			);
			runOnlyForDeploymentPostprocessing = 0;
			shellPath = /bin/sh;
			shellScript = "diff \"${PODS_PODFILE_DIR_PATH}/Podfile.lock\" \"${PODS_ROOT}/Manifest.lock\" > /dev/null\nif [ $? != 0 ] ; then\n    # print error to STDERR\n    echo \"error: The sandbox is not in sync with the Podfile.lock. Run 'pod install' or update your CocoaPods installation.\" >&2\n    exit 1\nfi\n# This output is used by Xcode 'outputs' to avoid re-running this script phase.\necho \"SUCCESS\" > \"${SCRIPT_OUTPUT_FILE_0}\"\n";
			showEnvVarsInLog = 0;
		};
		D76EB224FFF2461E76550C21 /* [CP] Embed Pods Frameworks */ = {
			isa = PBXShellScriptBuildPhase;
			buildActionMask = 2147483647;
			files = (
			);
			inputFileListPaths = (
			);
			inputPaths = (
				"${PODS_ROOT}/Target Support Files/Pods-TestAudioEffect/Pods-TestAudioEffect-frameworks.sh",
				"${BUILT_PRODUCTS_DIR}/Alamofire/Alamofire.framework",
				"${BUILT_PRODUCTS_DIR}/AlamofireImage/AlamofireImage.framework",
				"${BUILT_PRODUCTS_DIR}/CodableAlamofire/CodableAlamofire.framework",
			);
			name = "[CP] Embed Pods Frameworks";
			outputFileListPaths = (
			);
			outputPaths = (
				"${TARGET_BUILD_DIR}/${FRAMEWORKS_FOLDER_PATH}/Alamofire.framework",
				"${TARGET_BUILD_DIR}/${FRAMEWORKS_FOLDER_PATH}/AlamofireImage.framework",
				"${TARGET_BUILD_DIR}/${FRAMEWORKS_FOLDER_PATH}/CodableAlamofire.framework",
			);
			runOnlyForDeploymentPostprocessing = 0;
			shellPath = /bin/sh;
			shellScript = "\"${PODS_ROOT}/Target Support Files/Pods-TestAudioEffect/Pods-TestAudioEffect-frameworks.sh\"\n";
			showEnvVarsInLog = 0;
		};
/* End PBXShellScriptBuildPhase section */

/* Begin PBXSourcesBuildPhase section */
		042DB33022228EDC0062F7A8 /* Sources */ = {
			isa = PBXSourcesBuildPhase;
			buildActionMask = 2147483647;
			files = (
				042DB35B222293060062F7A8 /* AudioPreviewsViewController.swift in Sources */,
				04EE32D62223E2F0004AF339 /* AudioEffectModel.swift in Sources */,
				04EE32CC22232C28004AF339 /* AudioEffectViewController.swift in Sources */,
				042DB35D22229A820062F7A8 /* AudioPreviewCell.swift in Sources */,
				04EE32D92223F428004AF339 /* Point.swift in Sources */,
				04EE32C82222FD69004AF339 /* AudioPreviewPlayer.swift in Sources */,
				042DB36022229B220062F7A8 /* AudioPreviewsFetcher.swift in Sources */,
				044D29C22222D2CE00EB6298 /* Operation.swift in Sources */,
				04EE32D12223D67A004AF339 /* AudioPreviewView.swift in Sources */,
				042DB36222229B450062F7A8 /* AudioPreview.swift in Sources */,
				04EE32CF22232C92004AF339 /* TouchSquareView.swift in Sources */,
				04EE32E022240EB9004AF339 /* AudioPreviewsModel.swift in Sources */,
				042DB33822228EDC0062F7A8 /* AppDelegate.swift in Sources */,
				04EE32DD2223F43E004AF339 /* FlatRange.swift in Sources */,
				04EE32DB2223F434004AF339 /* Range.swift in Sources */,
			);
			runOnlyForDeploymentPostprocessing = 0;
		};
		042DB34422228EDE0062F7A8 /* Sources */ = {
			isa = PBXSourcesBuildPhase;
			buildActionMask = 2147483647;
			files = (
				042DB34D22228EDE0062F7A8 /* TestAudioEffectTests.swift in Sources */,
			);
			runOnlyForDeploymentPostprocessing = 0;
		};
/* End PBXSourcesBuildPhase section */

/* Begin PBXTargetDependency section */
		042DB34A22228EDE0062F7A8 /* PBXTargetDependency */ = {
			isa = PBXTargetDependency;
			target = 042DB33322228EDC0062F7A8 /* TestAudioEffect */;
			targetProxy = 042DB34922228EDE0062F7A8 /* PBXContainerItemProxy */;
		};
/* End PBXTargetDependency section */

/* Begin PBXVariantGroup section */
		042DB33B22228EDC0062F7A8 /* Main.storyboard */ = {
			isa = PBXVariantGroup;
			children = (
				042DB33C22228EDC0062F7A8 /* Base */,
			);
			name = Main.storyboard;
			sourceTree = "<group>";
		};
		042DB34022228EDE0062F7A8 /* LaunchScreen.storyboard */ = {
			isa = PBXVariantGroup;
			children = (
				042DB34122228EDE0062F7A8 /* Base */,
			);
			name = LaunchScreen.storyboard;
			sourceTree = "<group>";
		};
/* End PBXVariantGroup section */

/* Begin XCBuildConfiguration section */
		042DB34F22228EDE0062F7A8 /* Debug */ = {
			isa = XCBuildConfiguration;
			buildSettings = {
				ALWAYS_SEARCH_USER_PATHS = NO;
				CLANG_ANALYZER_NONNULL = YES;
				CLANG_ANALYZER_NUMBER_OBJECT_CONVERSION = YES_AGGRESSIVE;
				CLANG_CXX_LANGUAGE_STANDARD = "gnu++14";
				CLANG_CXX_LIBRARY = "libc++";
				CLANG_ENABLE_MODULES = YES;
				CLANG_ENABLE_OBJC_ARC = YES;
				CLANG_ENABLE_OBJC_WEAK = YES;
				CLANG_WARN_BLOCK_CAPTURE_AUTORELEASING = YES;
				CLANG_WARN_BOOL_CONVERSION = YES;
				CLANG_WARN_COMMA = YES;
				CLANG_WARN_CONSTANT_CONVERSION = YES;
				CLANG_WARN_DEPRECATED_OBJC_IMPLEMENTATIONS = YES;
				CLANG_WARN_DIRECT_OBJC_ISA_USAGE = YES_ERROR;
				CLANG_WARN_DOCUMENTATION_COMMENTS = YES;
				CLANG_WARN_EMPTY_BODY = YES;
				CLANG_WARN_ENUM_CONVERSION = YES;
				CLANG_WARN_INFINITE_RECURSION = YES;
				CLANG_WARN_INT_CONVERSION = YES;
				CLANG_WARN_NON_LITERAL_NULL_CONVERSION = YES;
				CLANG_WARN_OBJC_IMPLICIT_RETAIN_SELF = YES;
				CLANG_WARN_OBJC_LITERAL_CONVERSION = YES;
				CLANG_WARN_OBJC_ROOT_CLASS = YES_ERROR;
				CLANG_WARN_RANGE_LOOP_ANALYSIS = YES;
				CLANG_WARN_STRICT_PROTOTYPES = YES;
				CLANG_WARN_SUSPICIOUS_MOVE = YES;
				CLANG_WARN_UNGUARDED_AVAILABILITY = YES_AGGRESSIVE;
				CLANG_WARN_UNREACHABLE_CODE = YES;
				CLANG_WARN__DUPLICATE_METHOD_MATCH = YES;
				CODE_SIGN_IDENTITY = "iPhone Developer";
				COPY_PHASE_STRIP = NO;
				DEBUG_INFORMATION_FORMAT = dwarf;
				ENABLE_STRICT_OBJC_MSGSEND = YES;
				ENABLE_TESTABILITY = YES;
				GCC_C_LANGUAGE_STANDARD = gnu11;
				GCC_DYNAMIC_NO_PIC = NO;
				GCC_NO_COMMON_BLOCKS = YES;
				GCC_OPTIMIZATION_LEVEL = 0;
				GCC_PREPROCESSOR_DEFINITIONS = (
					"DEBUG=1",
					"$(inherited)",
				);
				GCC_WARN_64_TO_32_BIT_CONVERSION = YES;
				GCC_WARN_ABOUT_RETURN_TYPE = YES_ERROR;
				GCC_WARN_UNDECLARED_SELECTOR = YES;
				GCC_WARN_UNINITIALIZED_AUTOS = YES_AGGRESSIVE;
				GCC_WARN_UNUSED_FUNCTION = YES;
				GCC_WARN_UNUSED_VARIABLE = YES;
				IPHONEOS_DEPLOYMENT_TARGET = 12.1;
				MTL_ENABLE_DEBUG_INFO = INCLUDE_SOURCE;
				MTL_FAST_MATH = YES;
				ONLY_ACTIVE_ARCH = YES;
				SDKROOT = iphoneos;
				SWIFT_ACTIVE_COMPILATION_CONDITIONS = DEBUG;
				SWIFT_OPTIMIZATION_LEVEL = "-Onone";
			};
			name = Debug;
		};
		042DB35022228EDE0062F7A8 /* Release */ = {
			isa = XCBuildConfiguration;
			buildSettings = {
				ALWAYS_SEARCH_USER_PATHS = NO;
				CLANG_ANALYZER_NONNULL = YES;
				CLANG_ANALYZER_NUMBER_OBJECT_CONVERSION = YES_AGGRESSIVE;
				CLANG_CXX_LANGUAGE_STANDARD = "gnu++14";
				CLANG_CXX_LIBRARY = "libc++";
				CLANG_ENABLE_MODULES = YES;
				CLANG_ENABLE_OBJC_ARC = YES;
				CLANG_ENABLE_OBJC_WEAK = YES;
				CLANG_WARN_BLOCK_CAPTURE_AUTORELEASING = YES;
				CLANG_WARN_BOOL_CONVERSION = YES;
				CLANG_WARN_COMMA = YES;
				CLANG_WARN_CONSTANT_CONVERSION = YES;
				CLANG_WARN_DEPRECATED_OBJC_IMPLEMENTATIONS = YES;
				CLANG_WARN_DIRECT_OBJC_ISA_USAGE = YES_ERROR;
				CLANG_WARN_DOCUMENTATION_COMMENTS = YES;
				CLANG_WARN_EMPTY_BODY = YES;
				CLANG_WARN_ENUM_CONVERSION = YES;
				CLANG_WARN_INFINITE_RECURSION = YES;
				CLANG_WARN_INT_CONVERSION = YES;
				CLANG_WARN_NON_LITERAL_NULL_CONVERSION = YES;
				CLANG_WARN_OBJC_IMPLICIT_RETAIN_SELF = YES;
				CLANG_WARN_OBJC_LITERAL_CONVERSION = YES;
				CLANG_WARN_OBJC_ROOT_CLASS = YES_ERROR;
				CLANG_WARN_RANGE_LOOP_ANALYSIS = YES;
				CLANG_WARN_STRICT_PROTOTYPES = YES;
				CLANG_WARN_SUSPICIOUS_MOVE = YES;
				CLANG_WARN_UNGUARDED_AVAILABILITY = YES_AGGRESSIVE;
				CLANG_WARN_UNREACHABLE_CODE = YES;
				CLANG_WARN__DUPLICATE_METHOD_MATCH = YES;
				CODE_SIGN_IDENTITY = "iPhone Developer";
				COPY_PHASE_STRIP = NO;
				DEBUG_INFORMATION_FORMAT = "dwarf-with-dsym";
				ENABLE_NS_ASSERTIONS = NO;
				ENABLE_STRICT_OBJC_MSGSEND = YES;
				GCC_C_LANGUAGE_STANDARD = gnu11;
				GCC_NO_COMMON_BLOCKS = YES;
				GCC_WARN_64_TO_32_BIT_CONVERSION = YES;
				GCC_WARN_ABOUT_RETURN_TYPE = YES_ERROR;
				GCC_WARN_UNDECLARED_SELECTOR = YES;
				GCC_WARN_UNINITIALIZED_AUTOS = YES_AGGRESSIVE;
				GCC_WARN_UNUSED_FUNCTION = YES;
				GCC_WARN_UNUSED_VARIABLE = YES;
				IPHONEOS_DEPLOYMENT_TARGET = 12.1;
				MTL_ENABLE_DEBUG_INFO = NO;
				MTL_FAST_MATH = YES;
				SDKROOT = iphoneos;
				SWIFT_COMPILATION_MODE = wholemodule;
				SWIFT_OPTIMIZATION_LEVEL = "-O";
				VALIDATE_PRODUCT = YES;
			};
			name = Release;
		};
		042DB35222228EDE0062F7A8 /* Debug */ = {
			isa = XCBuildConfiguration;
			baseConfigurationReference = DF0996DD0613250E0EE1CBC2 /* Pods-TestAudioEffect.debug.xcconfig */;
			buildSettings = {
				ASSETCATALOG_COMPILER_APPICON_NAME = AppIcon;
				CODE_SIGN_STYLE = Automatic;
				DEVELOPMENT_TEAM = 9L33E6AW97;
				INFOPLIST_FILE = "$(SRCROOT)/TestAudioEffect/App/Info.plist";
				IPHONEOS_DEPLOYMENT_TARGET = 9.0;
				LD_RUNPATH_SEARCH_PATHS = (
					"$(inherited)",
					"@executable_path/Frameworks",
				);
				PRODUCT_BUNDLE_IDENTIFIER = com.idpuzzle1.TestAudioEffect;
				PRODUCT_NAME = "$(TARGET_NAME)";
				SWIFT_VERSION = 4.2;
				TARGETED_DEVICE_FAMILY = "1,2";
			};
			name = Debug;
		};
		042DB35322228EDE0062F7A8 /* Release */ = {
			isa = XCBuildConfiguration;
			baseConfigurationReference = CE536D814445DDF8DAA08F0C /* Pods-TestAudioEffect.release.xcconfig */;
			buildSettings = {
				ASSETCATALOG_COMPILER_APPICON_NAME = AppIcon;
				CODE_SIGN_STYLE = Automatic;
				DEVELOPMENT_TEAM = 9L33E6AW97;
				INFOPLIST_FILE = "$(SRCROOT)/TestAudioEffect/App/Info.plist";
				IPHONEOS_DEPLOYMENT_TARGET = 9.0;
				LD_RUNPATH_SEARCH_PATHS = (
					"$(inherited)",
					"@executable_path/Frameworks",
				);
				PRODUCT_BUNDLE_IDENTIFIER = com.idpuzzle1.TestAudioEffect;
				PRODUCT_NAME = "$(TARGET_NAME)";
				SWIFT_VERSION = 4.2;
				TARGETED_DEVICE_FAMILY = "1,2";
			};
			name = Release;
		};
		042DB35522228EDE0062F7A8 /* Debug */ = {
			isa = XCBuildConfiguration;
			baseConfigurationReference = 41944A5BA0DEC59F1FE53C6D /* Pods-TestAudioEffectTests.debug.xcconfig */;
			buildSettings = {
				ALWAYS_EMBED_SWIFT_STANDARD_LIBRARIES = YES;
				BUNDLE_LOADER = "$(TEST_HOST)";
				CODE_SIGN_STYLE = Automatic;
				DEVELOPMENT_TEAM = 9L33E6AW97;
				INFOPLIST_FILE = TestAudioEffectTests/Info.plist;
				LD_RUNPATH_SEARCH_PATHS = (
					"$(inherited)",
					"@executable_path/Frameworks",
					"@loader_path/Frameworks",
				);
				PRODUCT_BUNDLE_IDENTIFIER = com.idpuzzle1.TestAudioEffectTests;
				PRODUCT_NAME = "$(TARGET_NAME)";
				SWIFT_VERSION = 4.2;
				TARGETED_DEVICE_FAMILY = "1,2";
				TEST_HOST = "$(BUILT_PRODUCTS_DIR)/TestAudioEffect.app/TestAudioEffect";
			};
			name = Debug;
		};
		042DB35622228EDE0062F7A8 /* Release */ = {
			isa = XCBuildConfiguration;
			baseConfigurationReference = 4D2A2CB271CAD48F2186AB50 /* Pods-TestAudioEffectTests.release.xcconfig */;
			buildSettings = {
				ALWAYS_EMBED_SWIFT_STANDARD_LIBRARIES = YES;
				BUNDLE_LOADER = "$(TEST_HOST)";
				CODE_SIGN_STYLE = Automatic;
				DEVELOPMENT_TEAM = 9L33E6AW97;
				INFOPLIST_FILE = TestAudioEffectTests/Info.plist;
				LD_RUNPATH_SEARCH_PATHS = (
					"$(inherited)",
					"@executable_path/Frameworks",
					"@loader_path/Frameworks",
				);
				PRODUCT_BUNDLE_IDENTIFIER = com.idpuzzle1.TestAudioEffectTests;
				PRODUCT_NAME = "$(TARGET_NAME)";
				SWIFT_VERSION = 4.2;
				TARGETED_DEVICE_FAMILY = "1,2";
				TEST_HOST = "$(BUILT_PRODUCTS_DIR)/TestAudioEffect.app/TestAudioEffect";
			};
			name = Release;
		};
/* End XCBuildConfiguration section */

/* Begin XCConfigurationList section */
		042DB32F22228EDC0062F7A8 /* Build configuration list for PBXProject "TestAudioEffect" */ = {
			isa = XCConfigurationList;
			buildConfigurations = (
				042DB34F22228EDE0062F7A8 /* Debug */,
				042DB35022228EDE0062F7A8 /* Release */,
			);
			defaultConfigurationIsVisible = 0;
			defaultConfigurationName = Release;
		};
		042DB35122228EDE0062F7A8 /* Build configuration list for PBXNativeTarget "TestAudioEffect" */ = {
			isa = XCConfigurationList;
			buildConfigurations = (
				042DB35222228EDE0062F7A8 /* Debug */,
				042DB35322228EDE0062F7A8 /* Release */,
			);
			defaultConfigurationIsVisible = 0;
			defaultConfigurationName = Release;
		};
		042DB35422228EDE0062F7A8 /* Build configuration list for PBXNativeTarget "TestAudioEffectTests" */ = {
			isa = XCConfigurationList;
			buildConfigurations = (
				042DB35522228EDE0062F7A8 /* Debug */,
				042DB35622228EDE0062F7A8 /* Release */,
			);
			defaultConfigurationIsVisible = 0;
			defaultConfigurationName = Release;
		};
/* End XCConfigurationList section */
	};
	rootObject = 042DB32C22228EDC0062F7A8 /* Project object */;
}
